
Microsoft Visual Studio Solution File, Format Version 12.00
# Visual Studio 15
VisualStudioVersion = 15.0.28307.438
MinimumVisualStudioVersion = 10.0.40219.1
Project("{9A19103F-16F7-4668-BE54-9A1E7A4F7556}") = "UnoMvvm", "UnoMvvm\UnoMvvm.csproj", "{14681551-210B-416C-98D2-6CA640A0A15A}"
EndProject
Project("{FAE04EC0-301F-11D3-BF4B-00C04F79EFBC}") = "UnoMvvm.Uwp", "UnoMvvm.Uwp\UnoMvvm.Uwp.csproj", "{029B656D-9344-4BCC-BB25-6A35C4B80016}"
EndProject
Project("{FAE04EC0-301F-11D3-BF4B-00C04F79EFBC}") = "UnoMvvm.Wpf", "UnoMvvm.Wpf\UnoMvvm.Wpf.csproj", "{9B18A06F-899B-4454-9F60-B48A606E3D42}"
EndProject
Global
	GlobalSection(SolutionConfigurationPlatforms) = preSolution
		Debug|Any CPU = Debug|Any CPU
		Debug|ARM = Debug|ARM
		Debug|ARM64 = Debug|ARM64
		Debug|x64 = Debug|x64
		Debug|x86 = Debug|x86
		Release|Any CPU = Release|Any CPU
		Release|ARM = Release|ARM
		Release|ARM64 = Release|ARM64
		Release|x64 = Release|x64
		Release|x86 = Release|x86
	EndGlobalSection
	GlobalSection(ProjectConfigurationPlatforms) = postSolution
		{14681551-210B-416C-98D2-6CA640A0A15A}.Debug|Any CPU.ActiveCfg = Debug|Any CPU
		{14681551-210B-416C-98D2-6CA640A0A15A}.Debug|Any CPU.Build.0 = Debug|Any CPU
		{14681551-210B-416C-98D2-6CA640A0A15A}.Debug|ARM.ActiveCfg = Debug|Any CPU
		{14681551-210B-416C-98D2-6CA640A0A15A}.Debug|ARM.Build.0 = Debug|Any CPU
		{14681551-210B-416C-98D2-6CA640A0A15A}.Debug|ARM64.ActiveCfg = Debug|Any CPU
		{14681551-210B-416C-98D2-6CA640A0A15A}.Debug|ARM64.Build.0 = Debug|Any CPU
		{14681551-210B-416C-98D2-6CA640A0A15A}.Debug|x64.ActiveCfg = Debug|Any CPU
		{14681551-210B-416C-98D2-6CA640A0A15A}.Debug|x64.Build.0 = Debug|Any CPU
		{14681551-210B-416C-98D2-6CA640A0A15A}.Debug|x86.ActiveCfg = Debug|Any CPU
		{14681551-210B-416C-98D2-6CA640A0A15A}.Debug|x86.Build.0 = Debug|Any CPU
		{14681551-210B-416C-98D2-6CA640A0A15A}.Release|Any CPU.ActiveCfg = Release|Any CPU
		{14681551-210B-416C-98D2-6CA640A0A15A}.Release|Any CPU.Build.0 = Release|Any CPU
		{14681551-210B-416C-98D2-6CA640A0A15A}.Release|ARM.ActiveCfg = Release|Any CPU
		{14681551-210B-416C-98D2-6CA640A0A15A}.Release|ARM.Build.0 = Release|Any CPU
		{14681551-210B-416C-98D2-6CA640A0A15A}.Release|ARM64.ActiveCfg = Release|Any CPU
		{14681551-210B-416C-98D2-6CA640A0A15A}.Release|ARM64.Build.0 = Release|Any CPU
		{14681551-210B-416C-98D2-6CA640A0A15A}.Release|x64.ActiveCfg = Release|Any CPU
		{14681551-210B-416C-98D2-6CA640A0A15A}.Release|x64.Build.0 = Release|Any CPU
		{14681551-210B-416C-98D2-6CA640A0A15A}.Release|x86.ActiveCfg = Release|Any CPU
		{14681551-210B-416C-98D2-6CA640A0A15A}.Release|x86.Build.0 = Release|Any CPU
		{029B656D-9344-4BCC-BB25-6A35C4B80016}.Debug|Any CPU.ActiveCfg = Debug|Any CPU
		{029B656D-9344-4BCC-BB25-6A35C4B80016}.Debug|Any CPU.Build.0 = Debug|Any CPU
		{029B656D-9344-4BCC-BB25-6A35C4B80016}.Debug|ARM.ActiveCfg = Debug|ARM
		{029B656D-9344-4BCC-BB25-6A35C4B80016}.Debug|ARM.Build.0 = Debug|ARM
		{029B656D-9344-4BCC-BB25-6A35C4B80016}.Debug|ARM64.ActiveCfg = Debug|ARM64
		{029B656D-9344-4BCC-BB25-6A35C4B80016}.Debug|ARM64.Build.0 = Debug|ARM64
		{029B656D-9344-4BCC-BB25-6A35C4B80016}.Debug|x64.ActiveCfg = Debug|x64
		{029B656D-9344-4BCC-BB25-6A35C4B80016}.Debug|x64.Build.0 = Debug|x64
		{029B656D-9344-4BCC-BB25-6A35C4B80016}.Debug|x86.ActiveCfg = Debug|x86
		{029B656D-9344-4BCC-BB25-6A35C4B80016}.Debug|x86.Build.0 = Debug|x86
		{029B656D-9344-4BCC-BB25-6A35C4B80016}.Release|Any CPU.ActiveCfg = Release|Any CPU
		{029B656D-9344-4BCC-BB25-6A35C4B80016}.Release|Any CPU.Build.0 = Release|Any CPU
		{029B656D-9344-4BCC-BB25-6A35C4B80016}.Release|ARM.ActiveCfg = Release|ARM
		{029B656D-9344-4BCC-BB25-6A35C4B80016}.Release|ARM.Build.0 = Release|ARM
		{029B656D-9344-4BCC-BB25-6A35C4B80016}.Release|ARM64.ActiveCfg = Release|ARM64
		{029B656D-9344-4BCC-BB25-6A35C4B80016}.Release|ARM64.Build.0 = Release|ARM64
		{029B656D-9344-4BCC-BB25-6A35C4B80016}.Release|x64.ActiveCfg = Release|x64
		{029B656D-9344-4BCC-BB25-6A35C4B80016}.Release|x64.Build.0 = Release|x64
		{029B656D-9344-4BCC-BB25-6A35C4B80016}.Release|x86.ActiveCfg = Release|x86
		{029B656D-9344-4BCC-BB25-6A35C4B80016}.Release|x86.Build.0 = Release|x86
		{9B18A06F-899B-4454-9F60-B48A606E3D42}.Debug|Any CPU.ActiveCfg = Debug|Any CPU
		{9B18A06F-899B-4454-9F60-B48A606E3D42}.Debug|Any CPU.Build.0 = Debug|Any CPU
		{9B18A06F-899B-4454-9F60-B48A606E3D42}.Debug|ARM.ActiveCfg = Debug|Any CPU
		{9B18A06F-899B-4454-9F60-B48A606E3D42}.Debug|ARM.Build.0 = Debug|Any CPU
		{9B18A06F-899B-4454-9F60-B48A606E3D42}.Debug|ARM64.ActiveCfg = Debug|Any CPU
		{9B18A06F-899B-4454-9F60-B48A606E3D42}.Debug|ARM64.Build.0 = Debug|Any CPU
		{9B18A06F-899B-4454-9F60-B48A606E3D42}.Debug|x64.ActiveCfg = Debug|Any CPU
		{9B18A06F-899B-4454-9F60-B48A606E3D42}.Debug|x64.Build.0 = Debug|Any CPU
		{9B18A06F-899B-4454-9F60-B48A606E3D42}.Debug|x86.ActiveCfg = Debug|Any CPU
		{9B18A06F-899B-4454-9F60-B48A606E3D42}.Debug|x86.Build.0 = Debug|Any CPU
		{9B18A06F-899B-4454-9F60-B48A606E3D42}.Release|Any CPU.ActiveCfg = Release|Any CPU
		{9B18A06F-899B-4454-9F60-B48A606E3D42}.Release|Any CPU.Build.0 = Release|Any CPU
		{9B18A06F-899B-4454-9F60-B48A606E3D42}.Release|ARM.ActiveCfg = Release|Any CPU
		{9B18A06F-899B-4454-9F60-B48A606E3D42}.Release|ARM.Build.0 = Release|Any CPU
		{9B18A06F-899B-4454-9F60-B48A606E3D42}.Release|ARM64.ActiveCfg = Release|Any CPU
		{9B18A06F-899B-4454-9F60-B48A606E3D42}.Release|ARM64.Build.0 = Release|Any CPU
		{9B18A06F-899B-4454-9F60-B48A606E3D42}.Release|x64.ActiveCfg = Release|Any CPU
		{9B18A06F-899B-4454-9F60-B48A606E3D42}.Release|x64.Build.0 = Release|Any CPU
		{9B18A06F-899B-4454-9F60-B48A606E3D42}.Release|x86.ActiveCfg = Release|Any CPU
		{9B18A06F-899B-4454-9F60-B48A606E3D42}.Release|x86.Build.0 = Release|Any CPU
	EndGlobalSection
	GlobalSection(SolutionProperties) = preSolution
		HideSolutionNode = FALSE
	EndGlobalSection
	GlobalSection(ExtensibilityGlobals) = postSolution
		SolutionGuid = {C83D0D48-79E8-48C6-8C9C-915F5956527D}
	EndGlobalSection
EndGlobal
